<?xml version="1.0" encoding="utf-8"?>
<Project ToolsVersion="4.0" xmlns="http://schemas.microsoft.com/developer/msbuild/2003">
  <ItemGroup>
    <Filter Include="Source Files">
      <UniqueIdentifier>{4FC737F1-C7A5-4376-A066-2A32D752A2FF}</UniqueIdentifier>
      <Extensions>cpp;c;cc;cxx;def;odl;idl;hpj;bat;asm;asmx</Extensions>
    </Filter>
    <Filter Include="Header Files">
      <UniqueIdentifier>{93995380-89BD-4b04-88EB-625FBE52EBFB}</UniqueIdentifier>
      <Extensions>h;hh;hpp;hxx;hm;inl;inc;xsd</Extensions>
    </Filter>
    <Filter Include="Resource Files">
      <UniqueIdentifier>{67DA6AB6-F800-4c08-8B7A-83BB121AAD01}</UniqueIdentifier>
      <Extensions>rc;ico;cur;bmp;dlg;rc2;rct;bin;rgs;gif;jpg;jpeg;jpe;resx;tiff;tif;png;wav;mfcribbon-ms</Extensions>
    </Filter>
    <Filter Include="Source Files\Base">
      <UniqueIdentifier>{1f95e24c-fd52-4f1d-b6fb-b5c06968c901}</UniqueIdentifier>
    </Filter>
    <Filter Include="Header Files\Base">
      <UniqueIdentifier>{b470f52a-8377-4382-825e-5d22358114e1}</UniqueIdentifier>
    </Filter>
    <Filter Include="Header Files\Interfaces">
      <UniqueIdentifier>{572beaa4-a55d-4227-afb4-3be3fb44f81b}</UniqueIdentifier>
    </Filter>
    <Filter Include="Header Files\Utils">
      <UniqueIdentifier>{1723c7c7-4446-471b-bd05-81deb1fe1a0c}</UniqueIdentifier>
    </Filter>
    <Filter Include="Source Files\Utils">
      <UniqueIdentifier>{19d679e3-4068-4275-af31-131c4c38d906}</UniqueIdentifier>
    </Filter>
    <Filter Include="Header Files\Unittest">
      <UniqueIdentifier>{1b3b1d4b-fd17-40eb-b54e-41eb45aa62fc}</UniqueIdentifier>
    </Filter>
  </ItemGroup>
  <ItemGroup>
    <Text Include="ReadMe.txt" />
  </ItemGroup>
  <ItemGroup>
    <ClInclude Include="stdafx.h">
      <Filter>Header Files</Filter>
    </ClInclude>
    <ClInclude Include="targetver.h">
      <Filter>Header Files</Filter>
    </ClInclude>
    <ClInclude Include="Utils\Utilities.h">
      <Filter>Header Files\Utils</Filter>
    </ClInclude>
    <ClInclude Include="Utils\SimpleBaseLibTypes.h">
      <Filter>Header Files\Utils</Filter>
    </ClInclude>
    <ClInclude Include="Utils\PointerUtils.h">
      <Filter>Header Files\Utils</Filter>
    </ClInclude>
    <ClInclude Include="Utils\Bits.h">
      <Filter>Header Files\Utils</Filter>
    </ClInclude>
    <ClInclude Include="Interfaces\IBase32.h">
      <Filter>Header Files\Interfaces</Filter>
    </ClInclude>
    <ClInclude Include="Interfaces\IBase32Alphabet.h">
      <Filter>Header Files\Interfaces</Filter>
    </ClInclude>
    <ClInclude Include="Interfaces\IBase58Alphabet.h">
      <Filter>Header Files\Interfaces</Filter>
    </ClInclude>
    <ClInclude Include="Interfaces\IBase58.h">
      <Filter>Header Files\Interfaces</Filter>
    </ClInclude>
    <ClInclude Include="Interfaces\IBase64.h">
      <Filter>Header Files\Interfaces</Filter>
    </ClInclude>
    <ClInclude Include="Interfaces\IBase64Alphabet.h">
      <Filter>Header Files\Interfaces</Filter>
    </ClInclude>
    <ClInclude Include="Interfaces\ICrockfordBase32Alphabet.h">
      <Filter>Header Files\Interfaces</Filter>
    </ClInclude>
    <ClInclude Include="Base\Base16.h">
      <Filter>Header Files\Base</Filter>
    </ClInclude>
    <ClInclude Include="Base\Base32Alphabet.h">
      <Filter>Header Files\Base</Filter>
    </ClInclude>
    <ClInclude Include="Base\CrockfordBase32Alphabet.h">
      <Filter>Header Files\Base</Filter>
    </ClInclude>
    <ClInclude Include="Base\Base32.h">
      <Filter>Header Files\Base</Filter>
    </ClInclude>
    <ClInclude Include="Base\Base58Alphabet.h">
      <Filter>Header Files\Base</Filter>
    </ClInclude>
    <ClInclude Include="Base\Base58.h">
      <Filter>Header Files\Base</Filter>
    </ClInclude>
    <ClInclude Include="Base\Base64.h">
      <Filter>Header Files\Base</Filter>
    </ClInclude>
    <ClInclude Include="Base\Base64Alphabet.h">
      <Filter>Header Files\Base</Filter>
    </ClInclude>
    <ClInclude Include="Interfaces\IBase16.h">
      <Filter>Header Files\Interfaces</Filter>
    </ClInclude>
    <ClInclude Include="Base\SimpleBaseFactory.h">
      <Filter>Header Files\Base</Filter>
    </ClInclude>
    <ClInclude Include="Unittest\Base16.h">
      <Filter>Header Files\Unittest</Filter>
    </ClInclude>
    <ClInclude Include="Unittest\Base32Crockford.h">
      <Filter>Header Files\Unittest</Filter>
    </ClInclude>
    <ClInclude Include="Unittest\Base32ExtendedHex.h">
      <Filter>Header Files\Unittest</Filter>
    </ClInclude>
    <ClInclude Include="Unittest\Base32Rfc4648.h">
      <Filter>Header Files\Unittest</Filter>
    </ClInclude>
    <ClInclude Include="Unittest\Base58.h">
      <Filter>Header Files\Unittest</Filter>
    </ClInclude>
    <ClInclude Include="Unittest\Base64.h">
      <Filter>Header Files\Unittest</Filter>
    </ClInclude>
  </ItemGroup>
  <ItemGroup>
    <ClCompile Include="stdafx.cpp">
      <Filter>Source Files</Filter>
    </ClCompile>
    <ClCompile Include="SimpleBaseLib4CPP.cpp">
      <Filter>Source Files</Filter>
    </ClCompile>
    <ClCompile Include="Base\Base16.cpp">
      <Filter>Source Files\Base</Filter>
    </ClCompile>
    <ClCompile Include="Base\Base32Alphabet.cpp">
      <Filter>Source Files\Base</Filter>
    </ClCompile>
    <ClCompile Include="Base\Base32.cpp">
      <Filter>Source Files\Base</Filter>
    </ClCompile>
    <ClCompile Include="Utils\PointerUtils.cpp">
      <Filter>Source Files\Utils</Filter>
    </ClCompile>
    <ClCompile Include="Base\Base58Alphabet.cpp">
      <Filter>Source Files\Base</Filter>
    </ClCompile>
    <ClCompile Include="Base\Base58.cpp">
      <Filter>Source Files\Base</Filter>
    </ClCompile>
    <ClCompile Include="Base\Base64.cpp">
      <Filter>Source Files\Base</Filter>
    </ClCompile>
    <ClCompile Include="Base\Base64Alphabet.cpp">
      <Filter>Source Files\Base</Filter>
    </ClCompile>
    <ClCompile Include="Base\SimpleBaseFactory.cpp">
      <Filter>Source Files\Base</Filter>
    </ClCompile>
  </ItemGroup>
</Project>